
Microsoft Visual Studio Solution File, Format Version 12.00
# Visual Studio Version 16
VisualStudioVersion = 16.0.31229.75
MinimumVisualStudioVersion = 10.0.40219.1
Project("{9A19103F-16F7-4668-BE54-9A1E7A4F7556}") = "ASP.NET-Core.WebAPI", "ASP.NET-Core.WebAPI\ASP.NET-Core.WebAPI.csproj", "{B2533344-C771-4415-9DD2-C661373844A7}"
EndProject
Project("{9A19103F-16F7-4668-BE54-9A1E7A4F7556}") = "NET-Core.Library.Domain", "NET-Core.Library.Domain\NET-Core.Library.Domain.csproj", "{52994046-89F2-4EA1-8B8C-69C9B672B243}"
EndProject
Project("{9A19103F-16F7-4668-BE54-9A1E7A4F7556}") = "NET-Core.XUnit.UnitTests", "NET-Core.XUnit.UnitTests\NET-Core.XUnit.UnitTests.csproj", "{A6F6177A-08EB-47F9-8B8E-3C6EAEE25BEA}"
EndProject
Project("{9A19103F-16F7-4668-BE54-9A1E7A4F7556}") = "NET-Core.Console.DB.PostgreSQL", "NET-Core.Console.DB.PostgreSQL\NET-Core.Console.DB.PostgreSQL.csproj", "{73AFF7B3-9E85-4042-9859-C04178DBD13C}"
EndProject
Project("{2150E333-8FDC-42A3-9474-1A3956D46DE8}") = "Solution Items", "Solution Items", "{04FA5A3F-88D5-4BCD-9CA0-736658647921}"
	ProjectSection(SolutionItems) = preProject
		.editorconfig = .editorconfig
	EndProjectSection
EndProject
Project("{9A19103F-16F7-4668-BE54-9A1E7A4F7556}") = "NET-Core.Console.DB.SqlServer", "NET-Core.Console.DB.SqlServer\NET-Core.Console.DB.SqlServer.csproj", "{9F350C1E-52FA-49ED-8BDC-91D2CB7EB94D}"
EndProject
Global
	GlobalSection(SolutionConfigurationPlatforms) = preSolution
		Debug|Any CPU = Debug|Any CPU
		Release|Any CPU = Release|Any CPU
	EndGlobalSection
	GlobalSection(ProjectConfigurationPlatforms) = postSolution
		{B2533344-C771-4415-9DD2-C661373844A7}.Debug|Any CPU.ActiveCfg = Debug|Any CPU
		{B2533344-C771-4415-9DD2-C661373844A7}.Debug|Any CPU.Build.0 = Debug|Any CPU
		{B2533344-C771-4415-9DD2-C661373844A7}.Release|Any CPU.ActiveCfg = Release|Any CPU
		{B2533344-C771-4415-9DD2-C661373844A7}.Release|Any CPU.Build.0 = Release|Any CPU
		{52994046-89F2-4EA1-8B8C-69C9B672B243}.Debug|Any CPU.ActiveCfg = Debug|Any CPU
		{52994046-89F2-4EA1-8B8C-69C9B672B243}.Debug|Any CPU.Build.0 = Debug|Any CPU
		{52994046-89F2-4EA1-8B8C-69C9B672B243}.Release|Any CPU.ActiveCfg = Release|Any CPU
		{52994046-89F2-4EA1-8B8C-69C9B672B243}.Release|Any CPU.Build.0 = Release|Any CPU
		{A6F6177A-08EB-47F9-8B8E-3C6EAEE25BEA}.Debug|Any CPU.ActiveCfg = Debug|Any CPU
		{A6F6177A-08EB-47F9-8B8E-3C6EAEE25BEA}.Debug|Any CPU.Build.0 = Debug|Any CPU
		{A6F6177A-08EB-47F9-8B8E-3C6EAEE25BEA}.Release|Any CPU.ActiveCfg = Release|Any CPU
		{A6F6177A-08EB-47F9-8B8E-3C6EAEE25BEA}.Release|Any CPU.Build.0 = Release|Any CPU
		{73AFF7B3-9E85-4042-9859-C04178DBD13C}.Debug|Any CPU.ActiveCfg = Debug|Any CPU
		{73AFF7B3-9E85-4042-9859-C04178DBD13C}.Debug|Any CPU.Build.0 = Debug|Any CPU
		{73AFF7B3-9E85-4042-9859-C04178DBD13C}.Release|Any CPU.ActiveCfg = Release|Any CPU
		{73AFF7B3-9E85-4042-9859-C04178DBD13C}.Release|Any CPU.Build.0 = Release|Any CPU
		{9F350C1E-52FA-49ED-8BDC-91D2CB7EB94D}.Debug|Any CPU.ActiveCfg = Debug|Any CPU
		{9F350C1E-52FA-49ED-8BDC-91D2CB7EB94D}.Debug|Any CPU.Build.0 = Debug|Any CPU
		{9F350C1E-52FA-49ED-8BDC-91D2CB7EB94D}.Release|Any CPU.ActiveCfg = Release|Any CPU
		{9F350C1E-52FA-49ED-8BDC-91D2CB7EB94D}.Release|Any CPU.Build.0 = Release|Any CPU
	EndGlobalSection
	GlobalSection(SolutionProperties) = preSolution
		HideSolutionNode = FALSE
	EndGlobalSection
	GlobalSection(ExtensibilityGlobals) = postSolution
		SolutionGuid = {227EFDD3-878F-486E-BE78-AD572992B1D7}
	EndGlobalSection
EndGlobal
